
Microsoft Visual Studio Solution File, Format Version 12.00
# Visual Studio Version 16
VisualStudioVersion = 25.0.1700.6
MinimumVisualStudioVersion = 10.0.40219.1
Project("{FAE04EC0-301F-11D3-BF4B-00C04F79EFBC}") = "GTK3SkiaCS", "GTK3SkiaCS.csproj", "{544FD741-260A-4139-B96A-81906808CFF8}"
EndProject
Global
	GlobalSection(SolutionConfigurationPlatforms) = preSolution
		Debug|Any CPU = Debug|Any CPU
		Release|Any CPU = Release|Any CPU
	EndGlobalSection
	GlobalSection(ProjectConfigurationPlatforms) = postSolution
		{544FD741-260A-4139-B96A-81906808CFF8}.Debug|Any CPU.ActiveCfg = Debug|Any CPU
		{544FD741-260A-4139-B96A-81906808CFF8}.Debug|Any CPU.Build.0 = Debug|Any CPU
		{544FD741-260A-4139-B96A-81906808CFF8}.Release|Any CPU.ActiveCfg = Release|Any CPU
		{544FD741-260A-4139-B96A-81906808CFF8}.Release|Any CPU.Build.0 = Release|Any CPU
	EndGlobalSection
	GlobalSection(SolutionProperties) = preSolution
		HideSolutionNode = FALSE
	EndGlobalSection
	GlobalSection(ExtensibilityGlobals) = postSolution
		SolutionGuid = {22C9EBA6-2639-44B9-8D56-0E2F29A6A584}
	EndGlobalSection
EndGlobal
